// !$*UTF8*$!
{
	archiveVersion = 1;
	classes = {
	};
	objectVersion = 56;
	objects = {

/* Begin PBXBuildFile section */
		E082166C2A24DF08009147D5 /* Mix_ioApp.swift in Sources */ = {isa = PBXBuildFile; fileRef = E082166B2A24DF08009147D5 /* Mix_ioApp.swift */; };
		E082166E2A24DF08009147D5 /* ContentView.swift in Sources */ = {isa = PBXBuildFile; fileRef = E082166D2A24DF08009147D5 /* ContentView.swift */; };
		E08216702A24DF09009147D5 /* Assets.xcassets in Resources */ = {isa = PBXBuildFile; fileRef = E082166F2A24DF09009147D5 /* Assets.xcassets */; };
		E08216732A24DF09009147D5 /* Preview Assets.xcassets in Resources */ = {isa = PBXBuildFile; fileRef = E08216722A24DF09009147D5 /* Preview Assets.xcassets */; };
		E082167D2A24DF09009147D5 /* Mix_ioTests.swift in Sources */ = {isa = PBXBuildFile; fileRef = E082167C2A24DF09009147D5 /* Mix_ioTests.swift */; };
		E08216872A24DF09009147D5 /* Mix_ioUITests.swift in Sources */ = {isa = PBXBuildFile; fileRef = E08216862A24DF09009147D5 /* Mix_ioUITests.swift */; };
		E08216892A24DF09009147D5 /* Mix_ioUITestsLaunchTests.swift in Sources */ = {isa = PBXBuildFile; fileRef = E08216882A24DF09009147D5 /* Mix_ioUITestsLaunchTests.swift */; };
/* End PBXBuildFile section */

/* Begin PBXContainerItemProxy section */
		E08216792A24DF09009147D5 /* PBXContainerItemProxy */ = {
			isa = PBXContainerItemProxy;
			containerPortal = E08216602A24DF08009147D5 /* Project object */;
			proxyType = 1;
			remoteGlobalIDString = E08216672A24DF08009147D5;
			remoteInfo = Mix.io;
		};
		E08216832A24DF09009147D5 /* PBXContainerItemProxy */ = {
			isa = PBXContainerItemProxy;
			containerPortal = E08216602A24DF08009147D5 /* Project object */;
			proxyType = 1;
			remoteGlobalIDString = E08216672A24DF08009147D5;
			remoteInfo = Mix.io;
		};
/* End PBXContainerItemProxy section */

/* Begin PBXFileReference section */
		E08216682A24DF08009147D5 /* Mix.io.app */ = {isa = PBXFileReference; explicitFileType = wrapper.application; includeInIndex = 0; path = Mix.io.app; sourceTree = BUILT_PRODUCTS_DIR; };
		E082166B2A24DF08009147D5 /* Mix_ioApp.swift */ = {isa = PBXFileReference; lastKnownFileType = sourcecode.swift; path = Mix_ioApp.swift; sourceTree = "<group>"; };
		E082166D2A24DF08009147D5 /* ContentView.swift */ = {isa = PBXFileReference; lastKnownFileType = sourcecode.swift; path = ContentView.swift; sourceTree = "<group>"; };
		E082166F2A24DF09009147D5 /* Assets.xcassets */ = {isa = PBXFileReference; lastKnownFileType = folder.assetcatalog; path = Assets.xcassets; sourceTree = "<group>"; };
		E08216722A24DF09009147D5 /* Preview Assets.xcassets */ = {isa = PBXFileReference; lastKnownFileType = folder.assetcatalog; path = "Preview Assets.xcassets"; sourceTree = "<group>"; };
		E08216782A24DF09009147D5 /* Mix.ioTests.xctest */ = {isa = PBXFileReference; explicitFileType = wrapper.cfbundle; includeInIndex = 0; path = Mix.ioTests.xctest; sourceTree = BUILT_PRODUCTS_DIR; };
		E082167C2A24DF09009147D5 /* Mix_ioTests.swift */ = {isa = PBXFileReference; lastKnownFileType = sourcecode.swift; path = Mix_ioTests.swift; sourceTree = "<group>"; };
		E08216822A24DF09009147D5 /* Mix.ioUITests.xctest */ = {isa = PBXFileReference; explicitFileType = wrapper.cfbundle; includeInIndex = 0; path = Mix.ioUITests.xctest; sourceTree = BUILT_PRODUCTS_DIR; };
		E08216862A24DF09009147D5 /* Mix_ioUITests.swift */ = {isa = PBXFileReference; lastKnownFileType = sourcecode.swift; path = Mix_ioUITests.swift; sourceTree = "<group>"; };
		E08216882A24DF09009147D5 /* Mix_ioUITestsLaunchTests.swift */ = {isa = PBXFileReference; lastKnownFileType = sourcecode.swift; path = Mix_ioUITestsLaunchTests.swift; sourceTree = "<group>"; };
/* End PBXFileReference section */

/* Begin PBXFrameworksBuildPhase section */
		E08216652A24DF08009147D5 /* Frameworks */ = {
			isa = PBXFrameworksBuildPhase;
			buildActionMask = 2147483647;
			files = (
			);
			runOnlyForDeploymentPostprocessing = 0;
		};
		E08216752A24DF09009147D5 /* Frameworks */ = {
			isa = PBXFrameworksBuildPhase;
			buildActionMask = 2147483647;
			files = (
			);
			runOnlyForDeploymentPostprocessing = 0;
		};
		E082167F2A24DF09009147D5 /* Frameworks */ = {
			isa = PBXFrameworksBuildPhase;
			buildActionMask = 2147483647;
			files = (
			);
			runOnlyForDeploymentPostprocessing = 0;
		};
/* End PBXFrameworksBuildPhase section */

/* Begin PBXGroup section */
		E082165F2A24DF08009147D5 = {
			isa = PBXGroup;
			children = (
				E082166A2A24DF08009147D5 /* Mix.io */,
				E082167B2A24DF09009147D5 /* Mix.ioTests */,
				E08216852A24DF09009147D5 /* Mix.ioUITests */,
				E08216692A24DF08009147D5 /* Products */,
			);
			sourceTree = "<group>";
		};
		E08216692A24DF08009147D5 /* Products */ = {
			isa = PBXGroup;
			children = (
				E08216682A24DF08009147D5 /* Mix.io.app */,
				E08216782A24DF09009147D5 /* Mix.ioTests.xctest */,
				E08216822A24DF09009147D5 /* Mix.ioUITests.xctest */,
			);
			name = Products;
			sourceTree = "<group>";
		};
		E082166A2A24DF08009147D5 /* Mix.io */ = {
			isa = PBXGroup;
			children = (
				E082166B2A24DF08009147D5 /* Mix_ioApp.swift */,
				E082166D2A24DF08009147D5 /* ContentView.swift */,
				E082166F2A24DF09009147D5 /* Assets.xcassets */,
				E08216712A24DF09009147D5 /* Preview Content */,
			);
			path = Mix.io;
			sourceTree = "<group>";
		};
		E08216712A24DF09009147D5 /* Preview Content */ = {
			isa = PBXGroup;
			children = (
				E08216722A24DF09009147D5 /* Preview Assets.xcassets */,
			);
			path = "Preview Content";
			sourceTree = "<group>";
		};
		E082167B2A24DF09009147D5 /* Mix.ioTests */ = {
			isa = PBXGroup;
			children = (
				E082167C2A24DF09009147D5 /* Mix_ioTests.swift */,
			);
			path = Mix.ioTests;
			sourceTree = "<group>";
		};
		E08216852A24DF09009147D5 /* Mix.ioUITests */ = {
			isa = PBXGroup;
			children = (
				E08216862A24DF09009147D5 /* Mix_ioUITests.swift */,
				E08216882A24DF09009147D5 /* Mix_ioUITestsLaunchTests.swift */,
			);
			path = Mix.ioUITests;
			sourceTree = "<group>";
		};
/* End PBXGroup section */

/* Begin PBXNativeTarget section */
		E08216672A24DF08009147D5 /* Mix.io */ = {
			isa = PBXNativeTarget;
			buildConfigurationList = E082168C2A24DF09009147D5 /* Build configuration list for PBXNativeTarget "Mix.io" */;
			buildPhases = (
				E08216642A24DF08009147D5 /* Sources */,
				E08216652A24DF08009147D5 /* Frameworks */,
				E08216662A24DF08009147D5 /* Resources */,
			);
			buildRules = (
			);
			dependencies = (
			);
			name = Mix.io;
			productName = Mix.io;
			productReference = E08216682A24DF08009147D5 /* Mix.io.app */;
			productType = "com.apple.product-type.application";
		};
		E08216772A24DF09009147D5 /* Mix.ioTests */ = {
			isa = PBXNativeTarget;
			buildConfigurationList = E082168F2A24DF09009147D5 /* Build configuration list for PBXNativeTarget "Mix.ioTests" */;
			buildPhases = (
				E08216742A24DF09009147D5 /* Sources */,
				E08216752A24DF09009147D5 /* Frameworks */,
				E08216762A24DF09009147D5 /* Resources */,
			);
			buildRules = (
			);
			dependencies = (
				E082167A2A24DF09009147D5 /* PBXTargetDependency */,
			);
			name = Mix.ioTests;
			productName = Mix.ioTests;
			productReference = E08216782A24DF09009147D5 /* Mix.ioTests.xctest */;
			productType = "com.apple.product-type.bundle.unit-test";
		};
		E08216812A24DF09009147D5 /* Mix.ioUITests */ = {
			isa = PBXNativeTarget;
			buildConfigurationList = E08216922A24DF09009147D5 /* Build configuration list for PBXNativeTarget "Mix.ioUITests" */;
			buildPhases = (
				E082167E2A24DF09009147D5 /* Sources */,
				E082167F2A24DF09009147D5 /* Frameworks */,
				E08216802A24DF09009147D5 /* Resources */,
			);
			buildRules = (
			);
			dependencies = (
				E08216842A24DF09009147D5 /* PBXTargetDependency */,
			);
			name = Mix.ioUITests;
			productName = Mix.ioUITests;
			productReference = E08216822A24DF09009147D5 /* Mix.ioUITests.xctest */;
			productType = "com.apple.product-type.bundle.ui-testing";
		};
/* End PBXNativeTarget section */

/* Begin PBXProject section */
		E08216602A24DF08009147D5 /* Project object */ = {
			isa = PBXProject;
			attributes = {
				BuildIndependentTargetsInParallel = 1;
				LastSwiftUpdateCheck = 1400;
				LastUpgradeCheck = 1400;
				TargetAttributes = {
					E08216672A24DF08009147D5 = {
						CreatedOnToolsVersion = 14.0.1;
					};
					E08216772A24DF09009147D5 = {
						CreatedOnToolsVersion = 14.0.1;
						TestTargetID = E08216672A24DF08009147D5;
					};
					E08216812A24DF09009147D5 = {
						CreatedOnToolsVersion = 14.0.1;
						TestTargetID = E08216672A24DF08009147D5;
					};
				};
			};
			buildConfigurationList = E08216632A24DF08009147D5 /* Build configuration list for PBXProject "Mix.io" */;
			compatibilityVersion = "Xcode 14.0";
			developmentRegion = en;
			hasScannedForEncodings = 0;
			knownRegions = (
				en,
				Base,
			);
			mainGroup = E082165F2A24DF08009147D5;
			productRefGroup = E08216692A24DF08009147D5 /* Products */;
			projectDirPath = "";
			projectRoot = "";
			targets = (
				E08216672A24DF08009147D5 /* Mix.io */,
				E08216772A24DF09009147D5 /* Mix.ioTests */,
				E08216812A24DF09009147D5 /* Mix.ioUITests */,
			);
		};
/* End PBXProject section */

/* Begin PBXResourcesBuildPhase section */
		E08216662A24DF08009147D5 /* Resources */ = {
			isa = PBXResourcesBuildPhase;
			buildActionMask = 2147483647;
			files = (
				E08216732A24DF09009147D5 /* Preview Assets.xcassets in Resources */,
				E08216702A24DF09009147D5 /* Assets.xcassets in Resources */,
			);
			runOnlyForDeploymentPostprocessing = 0;
		};
		E08216762A24DF09009147D5 /* Resources */ = {
			isa = PBXResourcesBuildPhase;
			buildActionMask = 2147483647;
			files = (
			);
			runOnlyForDeploymentPostprocessing = 0;
		};
		E08216802A24DF09009147D5 /* Resources */ = {
			isa = PBXResourcesBuildPhase;
			buildActionMask = 2147483647;
			files = (
			);
			runOnlyForDeploymentPostprocessing = 0;
		};
/* End PBXResourcesBuildPhase section */

/* Begin PBXSourcesBuildPhase section */
		E08216642A24DF08009147D5 /* Sources */ = {
			isa = PBXSourcesBuildPhase;
			buildActionMask = 2147483647;
			files = (
				E082166E2A24DF08009147D5 /* ContentView.swift in Sources */,
				E082166C2A24DF08009147D5 /* Mix_ioApp.swift in Sources */,
			);
			runOnlyForDeploymentPostprocessing = 0;
		};
		E08216742A24DF09009147D5 /* Sources */ = {
			isa = PBXSourcesBuildPhase;
			buildActionMask = 2147483647;
			files = (
				E082167D2A24DF09009147D5 /* Mix_ioTests.swift in Sources */,
			);
			runOnlyForDeploymentPostprocessing = 0;
		};
		E082167E2A24DF09009147D5 /* Sources */ = {
			isa = PBXSourcesBuildPhase;
			buildActionMask = 2147483647;
			files = (
				E08216872A24DF09009147D5 /* Mix_ioUITests.swift in Sources */,
				E08216892A24DF09009147D5 /* Mix_ioUITestsLaunchTests.swift in Sources */,
			);
			runOnlyForDeploymentPostprocessing = 0;
		};
/* End PBXSourcesBuildPhase section */

/* Begin PBXTargetDependency section */
		E082167A2A24DF09009147D5 /* PBXTargetDependency */ = {
			isa = PBXTargetDependency;
			target = E08216672A24DF08009147D5 /* Mix.io */;
			targetProxy = E08216792A24DF09009147D5 /* PBXContainerItemProxy */;
		};
		E08216842A24DF09009147D5 /* PBXTargetDependency */ = {
			isa = PBXTargetDependency;
			target = E08216672A24DF08009147D5 /* Mix.io */;
			targetProxy = E08216832A24DF09009147D5 /* PBXContainerItemProxy */;
		};
/* End PBXTargetDependency section */

/* Begin XCBuildConfiguration section */
		E082168A2A24DF09009147D5 /* Debug */ = {
			isa = XCBuildConfiguration;
			buildSettings = {
				ALWAYS_SEARCH_USER_PATHS = NO;
				CLANG_ANALYZER_NONNULL = YES;
				CLANG_ANALYZER_NUMBER_OBJECT_CONVERSION = YES_AGGRESSIVE;
				CLANG_CXX_LANGUAGE_STANDARD = "gnu++20";
				CLANG_ENABLE_MODULES = YES;
				CLANG_ENABLE_OBJC_ARC = YES;
				CLANG_ENABLE_OBJC_WEAK = YES;
				CLANG_WARN_BLOCK_CAPTURE_AUTORELEASING = YES;
				CLANG_WARN_BOOL_CONVERSION = YES;
				CLANG_WARN_COMMA = YES;
				CLANG_WARN_CONSTANT_CONVERSION = YES;
				CLANG_WARN_DEPRECATED_OBJC_IMPLEMENTATIONS = YES;
				CLANG_WARN_DIRECT_OBJC_ISA_USAGE = YES_ERROR;
				CLANG_WARN_DOCUMENTATION_COMMENTS = YES;
				CLANG_WARN_EMPTY_BODY = YES;
				CLANG_WARN_ENUM_CONVERSION = YES;
				CLANG_WARN_INFINITE_RECURSION = YES;
				CLANG_WARN_INT_CONVERSION = YES;
				CLANG_WARN_NON_LITERAL_NULL_CONVERSION = YES;
				CLANG_WARN_OBJC_IMPLICIT_RETAIN_SELF = YES;
				CLANG_WARN_OBJC_LITERAL_CONVERSION = YES;
				CLANG_WARN_OBJC_ROOT_CLASS = YES_ERROR;
				CLANG_WARN_QUOTED_INCLUDE_IN_FRAMEWORK_HEADER = YES;
				CLANG_WARN_RANGE_LOOP_ANALYSIS = YES;
				CLANG_WARN_STRICT_PROTOTYPES = YES;
				CLANG_WARN_SUSPICIOUS_MOVE = YES;
				CLANG_WARN_UNGUARDED_AVAILABILITY = YES_AGGRESSIVE;
				CLANG_WARN_UNREACHABLE_CODE = YES;
				CLANG_WARN__DUPLICATE_METHOD_MATCH = YES;
				COPY_PHASE_STRIP = NO;
				DEBUG_INFORMATION_FORMAT = dwarf;
				ENABLE_STRICT_OBJC_MSGSEND = YES;
				ENABLE_TESTABILITY = YES;
				GCC_C_LANGUAGE_STANDARD = gnu11;
				GCC_DYNAMIC_NO_PIC = NO;
				GCC_NO_COMMON_BLOCKS = YES;
				GCC_OPTIMIZATION_LEVEL = 0;
				GCC_PREPROCESSOR_DEFINITIONS = (
					"DEBUG=1",
					"$(inherited)",
				);
				GCC_WARN_64_TO_32_BIT_CONVERSION = YES;
				GCC_WARN_ABOUT_RETURN_TYPE = YES_ERROR;
				GCC_WARN_UNDECLARED_SELECTOR = YES;
				GCC_WARN_UNINITIALIZED_AUTOS = YES_AGGRESSIVE;
				GCC_WARN_UNUSED_FUNCTION = YES;
				GCC_WARN_UNUSED_VARIABLE = YES;
				IPHONEOS_DEPLOYMENT_TARGET = 16.0;
				MTL_ENABLE_DEBUG_INFO = INCLUDE_SOURCE;
				MTL_FAST_MATH = YES;
				ONLY_ACTIVE_ARCH = YES;
				SDKROOT = iphoneos;
				SWIFT_ACTIVE_COMPILATION_CONDITIONS = DEBUG;
				SWIFT_OPTIMIZATION_LEVEL = "-Onone";
			};
			name = Debug;
		};
		E082168B2A24DF09009147D5 /* Release */ = {
			isa = XCBuildConfiguration;
			buildSettings = {
				ALWAYS_SEARCH_USER_PATHS = NO;
				CLANG_ANALYZER_NONNULL = YES;
				CLANG_ANALYZER_NUMBER_OBJECT_CONVERSION = YES_AGGRESSIVE;
				CLANG_CXX_LANGUAGE_STANDARD = "gnu++20";
				CLANG_ENABLE_MODULES = YES;
				CLANG_ENABLE_OBJC_ARC = YES;
				CLANG_ENABLE_OBJC_WEAK = YES;
				CLANG_WARN_BLOCK_CAPTURE_AUTORELEASING = YES;
				CLANG_WARN_BOOL_CONVERSION = YES;
				CLANG_WARN_COMMA = YES;
				CLANG_WARN_CONSTANT_CONVERSION = YES;
				CLANG_WARN_DEPRECATED_OBJC_IMPLEMENTATIONS = YES;
				CLANG_WARN_DIRECT_OBJC_ISA_USAGE = YES_ERROR;
				CLANG_WARN_DOCUMENTATION_COMMENTS = YES;
				CLANG_WARN_EMPTY_BODY = YES;
				CLANG_WARN_ENUM_CONVERSION = YES;
				CLANG_WARN_INFINITE_RECURSION = YES;
				CLANG_WARN_INT_CONVERSION = YES;
				CLANG_WARN_NON_LITERAL_NULL_CONVERSION = YES;
				CLANG_WARN_OBJC_IMPLICIT_RETAIN_SELF = YES;
				CLANG_WARN_OBJC_LITERAL_CONVERSION = YES;
				CLANG_WARN_OBJC_ROOT_CLASS = YES_ERROR;
				CLANG_WARN_QUOTED_INCLUDE_IN_FRAMEWORK_HEADER = YES;
				CLANG_WARN_RANGE_LOOP_ANALYSIS = YES;
				CLANG_WARN_STRICT_PROTOTYPES = YES;
				CLANG_WARN_SUSPICIOUS_MOVE = YES;
				CLANG_WARN_UNGUARDED_AVAILABILITY = YES_AGGRESSIVE;
				CLANG_WARN_UNREACHABLE_CODE = YES;
				CLANG_WARN__DUPLICATE_METHOD_MATCH = YES;
				COPY_PHASE_STRIP = NO;
				DEBUG_INFORMATION_FORMAT = "dwarf-with-dsym";
				ENABLE_NS_ASSERTIONS = NO;
				ENABLE_STRICT_OBJC_MSGSEND = YES;
				GCC_C_LANGUAGE_STANDARD = gnu11;
				GCC_NO_COMMON_BLOCKS = YES;
				GCC_WARN_64_TO_32_BIT_CONVERSION = YES;
				GCC_WARN_ABOUT_RETURN_TYPE = YES_ERROR;
				GCC_WARN_UNDECLARED_SELECTOR = YES;
				GCC_WARN_UNINITIALIZED_AUTOS = YES_AGGRESSIVE;
				GCC_WARN_UNUSED_FUNCTION = YES;
				GCC_WARN_UNUSED_VARIABLE = YES;
				IPHONEOS_DEPLOYMENT_TARGET = 16.0;
				MTL_ENABLE_DEBUG_INFO = NO;
				MTL_FAST_MATH = YES;
				SDKROOT = iphoneos;
				SWIFT_COMPILATION_MODE = wholemodule;
				SWIFT_OPTIMIZATION_LEVEL = "-O";
				VALIDATE_PRODUCT = YES;
			};
			name = Release;
		};
		E082168D2A24DF09009147D5 /* Debug */ = {
			isa = XCBuildConfiguration;
			buildSettings = {
				ASSETCATALOG_COMPILER_APPICON_NAME = AppIcon;
				ASSETCATALOG_COMPILER_GLOBAL_ACCENT_COLOR_NAME = AccentColor;
				CODE_SIGN_STYLE = Automatic;
				CURRENT_PROJECT_VERSION = 1;
				DEVELOPMENT_ASSET_PATHS = "\"Mix.io/Preview Content\"";
				ENABLE_PREVIEWS = YES;
				GENERATE_INFOPLIST_FILE = YES;
				INFOPLIST_KEY_UIApplicationSceneManifest_Generation = YES;
				INFOPLIST_KEY_UIApplicationSupportsIndirectInputEvents = YES;
				INFOPLIST_KEY_UILaunchScreen_Generation = YES;
				INFOPLIST_KEY_UISupportedInterfaceOrientations_iPad = "UIInterfaceOrientationPortrait UIInterfaceOrientationPortraitUpsideDown UIInterfaceOrientationLandscapeLeft UIInterfaceOrientationLandscapeRight";
				INFOPLIST_KEY_UISupportedInterfaceOrientations_iPhone = "UIInterfaceOrientationPortrait UIInterfaceOrientationLandscapeLeft UIInterfaceOrientationLandscapeRight";
				LD_RUNPATH_SEARCH_PATHS = (
					"$(inherited)",
					"@executable_path/Frameworks",
				);
				MARKETING_VERSION = 1.0;
				PRODUCT_BUNDLE_IDENTIFIER = "heavyDrinkers.Mix-io";
				PRODUCT_NAME = "$(TARGET_NAME)";
				SWIFT_EMIT_LOC_STRINGS = YES;
				SWIFT_VERSION = 5.0;
				TARGETED_DEVICE_FAMILY = "1,2";
			};
			name = Debug;
		};
		E082168E2A24DF09009147D5 /* Release */ = {
			isa = XCBuildConfiguration;
			buildSettings = {
				ASSETCATALOG_COMPILER_APPICON_NAME = AppIcon;
				ASSETCATALOG_COMPILER_GLOBAL_ACCENT_COLOR_NAME = AccentColor;
				CODE_SIGN_STYLE = Automatic;
				CURRENT_PROJECT_VERSION = 1;
				DEVELOPMENT_ASSET_PATHS = "\"Mix.io/Preview Content\"";
				ENABLE_PREVIEWS = YES;
				GENERATE_INFOPLIST_FILE = YES;
				INFOPLIST_KEY_UIApplicationSceneManifest_Generation = YES;
				INFOPLIST_KEY_UIApplicationSupportsIndirectInputEvents = YES;
				INFOPLIST_KEY_UILaunchScreen_Generation = YES;
				INFOPLIST_KEY_UISupportedInterfaceOrientations_iPad = "UIInterfaceOrientationPortrait UIInterfaceOrientationPortraitUpsideDown UIInterfaceOrientationLandscapeLeft UIInterfaceOrientationLandscapeRight";
				INFOPLIST_KEY_UISupportedInterfaceOrientations_iPhone = "UIInterfaceOrientationPortrait UIInterfaceOrientationLandscapeLeft UIInterfaceOrientationLandscapeRight";
				LD_RUNPATH_SEARCH_PATHS = (
					"$(inherited)",
					"@executable_path/Frameworks",
				);
				MARKETING_VERSION = 1.0;
				PRODUCT_BUNDLE_IDENTIFIER = "heavyDrinkers.Mix-io";
				PRODUCT_NAME = "$(TARGET_NAME)";
				SWIFT_EMIT_LOC_STRINGS = YES;
				SWIFT_VERSION = 5.0;
				TARGETED_DEVICE_FAMILY = "1,2";
			};
			name = Release;
		};
		E08216902A24DF09009147D5 /* Debug */ = {
			isa = XCBuildConfiguration;
			buildSettings = {
				ALWAYS_EMBED_SWIFT_STANDARD_LIBRARIES = YES;
				BUNDLE_LOADER = "$(TEST_HOST)";
				CODE_SIGN_STYLE = Automatic;
				CURRENT_PROJECT_VERSION = 1;
				GENERATE_INFOPLIST_FILE = YES;
				IPHONEOS_DEPLOYMENT_TARGET = 16.0;
				MARKETING_VERSION = 1.0;
				PRODUCT_BUNDLE_IDENTIFIER = "heavyDrinkers.Mix-ioTests";
				PRODUCT_NAME = "$(TARGET_NAME)";
				SWIFT_EMIT_LOC_STRINGS = NO;
				SWIFT_VERSION = 5.0;
				TARGETED_DEVICE_FAMILY = "1,2";
				TEST_HOST = "$(BUILT_PRODUCTS_DIR)/Mix.io.app/$(BUNDLE_EXECUTABLE_FOLDER_PATH)/Mix.io";
			};
			name = Debug;
		};
		E08216912A24DF09009147D5 /* Release */ = {
			isa = XCBuildConfiguration;
			buildSettings = {
				ALWAYS_EMBED_SWIFT_STANDARD_LIBRARIES = YES;
				BUNDLE_LOADER = "$(TEST_HOST)";
				CODE_SIGN_STYLE = Automatic;
				CURRENT_PROJECT_VERSION = 1;
				GENERATE_INFOPLIST_FILE = YES;
				IPHONEOS_DEPLOYMENT_TARGET = 16.0;
				MARKETING_VERSION = 1.0;
				PRODUCT_BUNDLE_IDENTIFIER = "heavyDrinkers.Mix-ioTests";
				PRODUCT_NAME = "$(TARGET_NAME)";
				SWIFT_EMIT_LOC_STRINGS = NO;
				SWIFT_VERSION = 5.0;
				TARGETED_DEVICE_FAMILY = "1,2";
				TEST_HOST = "$(BUILT_PRODUCTS_DIR)/Mix.io.app/$(BUNDLE_EXECUTABLE_FOLDER_PATH)/Mix.io";
			};
			name = Release;
		};
		E08216932A24DF09009147D5 /* Debug */ = {
			isa = XCBuildConfiguration;
			buildSettings = {
				ALWAYS_EMBED_SWIFT_STANDARD_LIBRARIES = YES;
				CODE_SIGN_STYLE = Automatic;
				CURRENT_PROJECT_VERSION = 1;
				GENERATE_INFOPLIST_FILE = YES;
				MARKETING_VERSION = 1.0;
				PRODUCT_BUNDLE_IDENTIFIER = "heavyDrinkers.Mix-ioUITests";
				PRODUCT_NAME = "$(TARGET_NAME)";
				SWIFT_EMIT_LOC_STRINGS = NO;
				SWIFT_VERSION = 5.0;
				TARGETED_DEVICE_FAMILY = "1,2";
				TEST_TARGET_NAME = Mix.io;
			};
			name = Debug;
		};
		E08216942A24DF09009147D5 /* Release */ = {
			isa = XCBuildConfiguration;
			buildSettings = {
				ALWAYS_EMBED_SWIFT_STANDARD_LIBRARIES = YES;
				CODE_SIGN_STYLE = Automatic;
				CURRENT_PROJECT_VERSION = 1;
				GENERATE_INFOPLIST_FILE = YES;
				MARKETING_VERSION = 1.0;
				PRODUCT_BUNDLE_IDENTIFIER = "heavyDrinkers.Mix-ioUITests";
				PRODUCT_NAME = "$(TARGET_NAME)";
				SWIFT_EMIT_LOC_STRINGS = NO;
				SWIFT_VERSION = 5.0;
				TARGETED_DEVICE_FAMILY = "1,2";
				TEST_TARGET_NAME = Mix.io;
			};
			name = Release;
		};
/* End XCBuildConfiguration section */

/* Begin XCConfigurationList section */
		E08216632A24DF08009147D5 /* Build configuration list for PBXProject "Mix.io" */ = {
			isa = XCConfigurationList;
			buildConfigurations = (
				E082168A2A24DF09009147D5 /* Debug */,
				E082168B2A24DF09009147D5 /* Release */,
			);
			defaultConfigurationIsVisible = 0;
			defaultConfigurationName = Release;
		};
		E082168C2A24DF09009147D5 /* Build configuration list for PBXNativeTarget "Mix.io" */ = {
			isa = XCConfigurationList;
			buildConfigurations = (
				E082168D2A24DF09009147D5 /* Debug */,
				E082168E2A24DF09009147D5 /* Release */,
			);
			defaultConfigurationIsVisible = 0;
			defaultConfigurationName = Release;
		};
		E082168F2A24DF09009147D5 /* Build configuration list for PBXNativeTarget "Mix.ioTests" */ = {
			isa = XCConfigurationList;
			buildConfigurations = (
				E08216902A24DF09009147D5 /* Debug */,
				E08216912A24DF09009147D5 /* Release */,
			);
			defaultConfigurationIsVisible = 0;
			defaultConfigurationName = Release;
		};
		E08216922A24DF09009147D5 /* Build configuration list for PBXNativeTarget "Mix.ioUITests" */ = {
			isa = XCConfigurationList;
			buildConfigurations = (
				E08216932A24DF09009147D5 /* Debug */,
				E08216942A24DF09009147D5 /* Release */,
			);
			defaultConfigurationIsVisible = 0;
			defaultConfigurationName = Release;
		};
/* End XCConfigurationList section */
	};
	rootObject = E08216602A24DF08009147D5 /* Project object */;
}
